// !$*UTF8*$!
{
	archiveVersion = 1;
	classes = {
	};
	objectVersion = 56;
	objects = {

/* Begin PBXBuildFile section */
		CB5B1A4F2B6BEB6E009CAE00 /* Papago2App.swift in Sources */ = {isa = PBXBuildFile; fileRef = CB5B1A4E2B6BEB6E009CAE00 /* Papago2App.swift */; };
		CB5B1A512B6BEB6E009CAE00 /* ContentView.swift in Sources */ = {isa = PBXBuildFile; fileRef = CB5B1A502B6BEB6E009CAE00 /* ContentView.swift */; };
		CB5B1A532B6BEB6F009CAE00 /* Assets.xcassets in Resources */ = {isa = PBXBuildFile; fileRef = CB5B1A522B6BEB6F009CAE00 /* Assets.xcassets */; };
		CB5B1A562B6BEB6F009CAE00 /* Preview Assets.xcassets in Resources */ = {isa = PBXBuildFile; fileRef = CB5B1A552B6BEB6F009CAE00 /* Preview Assets.xcassets */; };
		CB5B1A632B6E8883009CAE00 /* VoiceView.swift in Sources */ = {isa = PBXBuildFile; fileRef = CB5B1A622B6E8883009CAE00 /* VoiceView.swift */; };
		CB5B1A652B6E89B9009CAE00 /* TranslateHeader.swift in Sources */ = {isa = PBXBuildFile; fileRef = CB5B1A642B6E89B9009CAE00 /* TranslateHeader.swift */; };
		CB5B1A672B6E8BA7009CAE00 /* BackButton.swift in Sources */ = {isa = PBXBuildFile; fileRef = CB5B1A662B6E8BA7009CAE00 /* BackButton.swift */; };
		CB5B1A6B2B6E8C26009CAE00 /* TranslateHeader2.swift in Sources */ = {isa = PBXBuildFile; fileRef = CB5B1A6A2B6E8C26009CAE00 /* TranslateHeader2.swift */; };
		CB5B1A6F2B6E8E16009CAE00 /* ConversationView.swift in Sources */ = {isa = PBXBuildFile; fileRef = CB5B1A6E2B6E8E16009CAE00 /* ConversationView.swift */; };
		CB5B1A732B6E8E77009CAE00 /* ConversationSubView.swift in Sources */ = {isa = PBXBuildFile; fileRef = CB5B1A722B6E8E77009CAE00 /* ConversationSubView.swift */; };
		CB5B1A752B6E9728009CAE00 /* LanguageList.swift in Sources */ = {isa = PBXBuildFile; fileRef = CB5B1A742B6E9728009CAE00 /* LanguageList.swift */; };
/* End PBXBuildFile section */

/* Begin PBXFileReference section */
		CB5B1A4B2B6BEB6E009CAE00 /* Papago2.app */ = {isa = PBXFileReference; explicitFileType = wrapper.application; includeInIndex = 0; path = Papago2.app; sourceTree = BUILT_PRODUCTS_DIR; };
		CB5B1A4E2B6BEB6E009CAE00 /* Papago2App.swift */ = {isa = PBXFileReference; lastKnownFileType = sourcecode.swift; path = Papago2App.swift; sourceTree = "<group>"; };
		CB5B1A502B6BEB6E009CAE00 /* ContentView.swift */ = {isa = PBXFileReference; lastKnownFileType = sourcecode.swift; path = ContentView.swift; sourceTree = "<group>"; };
		CB5B1A522B6BEB6F009CAE00 /* Assets.xcassets */ = {isa = PBXFileReference; lastKnownFileType = folder.assetcatalog; path = Assets.xcassets; sourceTree = "<group>"; };
		CB5B1A552B6BEB6F009CAE00 /* Preview Assets.xcassets */ = {isa = PBXFileReference; lastKnownFileType = folder.assetcatalog; path = "Preview Assets.xcassets"; sourceTree = "<group>"; };
		CB5B1A622B6E8883009CAE00 /* VoiceView.swift */ = {isa = PBXFileReference; lastKnownFileType = sourcecode.swift; path = VoiceView.swift; sourceTree = "<group>"; };
		CB5B1A642B6E89B9009CAE00 /* TranslateHeader.swift */ = {isa = PBXFileReference; lastKnownFileType = sourcecode.swift; path = TranslateHeader.swift; sourceTree = "<group>"; };
		CB5B1A662B6E8BA7009CAE00 /* BackButton.swift */ = {isa = PBXFileReference; lastKnownFileType = sourcecode.swift; path = BackButton.swift; sourceTree = "<group>"; };
		CB5B1A6A2B6E8C26009CAE00 /* TranslateHeader2.swift */ = {isa = PBXFileReference; lastKnownFileType = sourcecode.swift; path = TranslateHeader2.swift; sourceTree = "<group>"; };
		CB5B1A6E2B6E8E16009CAE00 /* ConversationView.swift */ = {isa = PBXFileReference; lastKnownFileType = sourcecode.swift; path = ConversationView.swift; sourceTree = "<group>"; };
		CB5B1A722B6E8E77009CAE00 /* ConversationSubView.swift */ = {isa = PBXFileReference; lastKnownFileType = sourcecode.swift; path = ConversationSubView.swift; sourceTree = "<group>"; };
		CB5B1A742B6E9728009CAE00 /* LanguageList.swift */ = {isa = PBXFileReference; lastKnownFileType = sourcecode.swift; path = LanguageList.swift; sourceTree = "<group>"; };
/* End PBXFileReference section */

/* Begin PBXFrameworksBuildPhase section */
		CB5B1A482B6BEB6E009CAE00 /* Frameworks */ = {
			isa = PBXFrameworksBuildPhase;
			buildActionMask = 2147483647;
			files = (
			);
			runOnlyForDeploymentPostprocessing = 0;
		};
/* End PBXFrameworksBuildPhase section */

/* Begin PBXGroup section */
		CB5B1A422B6BEB6D009CAE00 = {
			isa = PBXGroup;
			children = (
				CB5B1A4D2B6BEB6E009CAE00 /* Papago2 */,
				CB5B1A4C2B6BEB6E009CAE00 /* Products */,
			);
			sourceTree = "<group>";
		};
		CB5B1A4C2B6BEB6E009CAE00 /* Products */ = {
			isa = PBXGroup;
			children = (
				CB5B1A4B2B6BEB6E009CAE00 /* Papago2.app */,
			);
			name = Products;
			sourceTree = "<group>";
		};
		CB5B1A4D2B6BEB6E009CAE00 /* Papago2 */ = {
			isa = PBXGroup;
			children = (
				CB5B1A762B6EA1D2009CAE00 /* View */,
				CB5B1A692B6E8C11009CAE00 /* Common */,
				CB5B1A4E2B6BEB6E009CAE00 /* Papago2App.swift */,
				CB5B1A502B6BEB6E009CAE00 /* ContentView.swift */,
				CB5B1A522B6BEB6F009CAE00 /* Assets.xcassets */,
				CB5B1A542B6BEB6F009CAE00 /* Preview Content */,
			);
			path = Papago2;
			sourceTree = "<group>";
		};
		CB5B1A542B6BEB6F009CAE00 /* Preview Content */ = {
			isa = PBXGroup;
			children = (
				CB5B1A552B6BEB6F009CAE00 /* Preview Assets.xcassets */,
			);
			path = "Preview Content";
			sourceTree = "<group>";
		};
		CB5B1A692B6E8C11009CAE00 /* Common */ = {
			isa = PBXGroup;
			children = (
				CB5B1A742B6E9728009CAE00 /* LanguageList.swift */,
				CB5B1A642B6E89B9009CAE00 /* TranslateHeader.swift */,
				CB5B1A662B6E8BA7009CAE00 /* BackButton.swift */,
				CB5B1A6A2B6E8C26009CAE00 /* TranslateHeader2.swift */,
			);
			path = Common;
			sourceTree = "<group>";
		};
		CB5B1A762B6EA1D2009CAE00 /* View */ = {
			isa = PBXGroup;
			children = (
				CB5B1A622B6E8883009CAE00 /* VoiceView.swift */,
				CB5B1A6E2B6E8E16009CAE00 /* ConversationView.swift */,
				CB5B1A722B6E8E77009CAE00 /* ConversationSubView.swift */,
			);
			path = View;
			sourceTree = "<group>";
		};
/* End PBXGroup section */

/* Begin PBXNativeTarget section */
		CB5B1A4A2B6BEB6E009CAE00 /* Papago2 */ = {
			isa = PBXNativeTarget;
			buildConfigurationList = CB5B1A592B6BEB6F009CAE00 /* Build configuration list for PBXNativeTarget "Papago2" */;
			buildPhases = (
				CB5B1A472B6BEB6E009CAE00 /* Sources */,
				CB5B1A482B6BEB6E009CAE00 /* Frameworks */,
				CB5B1A492B6BEB6E009CAE00 /* Resources */,
			);
			buildRules = (
			);
			dependencies = (
			);
			name = Papago2;
			productName = Papago2;
			productReference = CB5B1A4B2B6BEB6E009CAE00 /* Papago2.app */;
			productType = "com.apple.product-type.application";
		};
/* End PBXNativeTarget section */

/* Begin PBXProject section */
		CB5B1A432B6BEB6D009CAE00 /* Project object */ = {
			isa = PBXProject;
			attributes = {
				BuildIndependentTargetsInParallel = 1;
				LastSwiftUpdateCheck = 1510;
				LastUpgradeCheck = 1510;
				TargetAttributes = {
					CB5B1A4A2B6BEB6E009CAE00 = {
						CreatedOnToolsVersion = 15.1;
					};
				};
			};
			buildConfigurationList = CB5B1A462B6BEB6D009CAE00 /* Build configuration list for PBXProject "Papago2" */;
			compatibilityVersion = "Xcode 14.0";
			developmentRegion = en;
			hasScannedForEncodings = 0;
			knownRegions = (
				en,
				Base,
			);
			mainGroup = CB5B1A422B6BEB6D009CAE00;
			productRefGroup = CB5B1A4C2B6BEB6E009CAE00 /* Products */;
			projectDirPath = "";
			projectRoot = "";
			targets = (
				CB5B1A4A2B6BEB6E009CAE00 /* Papago2 */,
			);
		};
/* End PBXProject section */

/* Begin PBXResourcesBuildPhase section */
		CB5B1A492B6BEB6E009CAE00 /* Resources */ = {
			isa = PBXResourcesBuildPhase;
			buildActionMask = 2147483647;
			files = (
				CB5B1A562B6BEB6F009CAE00 /* Preview Assets.xcassets in Resources */,
				CB5B1A532B6BEB6F009CAE00 /* Assets.xcassets in Resources */,
			);
			runOnlyForDeploymentPostprocessing = 0;
		};
/* End PBXResourcesBuildPhase section */

/* Begin PBXSourcesBuildPhase section */
		CB5B1A472B6BEB6E009CAE00 /* Sources */ = {
			isa = PBXSourcesBuildPhase;
			buildActionMask = 2147483647;
			files = (
				CB5B1A512B6BEB6E009CAE00 /* ContentView.swift in Sources */,
				CB5B1A752B6E9728009CAE00 /* LanguageList.swift in Sources */,
				CB5B1A6F2B6E8E16009CAE00 /* ConversationView.swift in Sources */,
				CB5B1A4F2B6BEB6E009CAE00 /* Papago2App.swift in Sources */,
				CB5B1A672B6E8BA7009CAE00 /* BackButton.swift in Sources */,
				CB5B1A732B6E8E77009CAE00 /* ConversationSubView.swift in Sources */,
				CB5B1A652B6E89B9009CAE00 /* TranslateHeader.swift in Sources */,
				CB5B1A6B2B6E8C26009CAE00 /* TranslateHeader2.swift in Sources */,
				CB5B1A632B6E8883009CAE00 /* VoiceView.swift in Sources */,
			);
			runOnlyForDeploymentPostprocessing = 0;
		};
/* End PBXSourcesBuildPhase section */

/* Begin XCBuildConfiguration section */
		CB5B1A572B6BEB6F009CAE00 /* Debug */ = {
			isa = XCBuildConfiguration;
			buildSettings = {
				ALWAYS_SEARCH_USER_PATHS = NO;
				ASSETCATALOG_COMPILER_GENERATE_SWIFT_ASSET_SYMBOL_EXTENSIONS = YES;
				CLANG_ANALYZER_NONNULL = YES;
				CLANG_ANALYZER_NUMBER_OBJECT_CONVERSION = YES_AGGRESSIVE;
				CLANG_CXX_LANGUAGE_STANDARD = "gnu++20";
				CLANG_ENABLE_MODULES = YES;
				CLANG_ENABLE_OBJC_ARC = YES;
				CLANG_ENABLE_OBJC_WEAK = YES;
				CLANG_WARN_BLOCK_CAPTURE_AUTORELEASING = YES;
				CLANG_WARN_BOOL_CONVERSION = YES;
				CLANG_WARN_COMMA = YES;
				CLANG_WARN_CONSTANT_CONVERSION = YES;
				CLANG_WARN_DEPRECATED_OBJC_IMPLEMENTATIONS = YES;
				CLANG_WARN_DIRECT_OBJC_ISA_USAGE = YES_ERROR;
				CLANG_WARN_DOCUMENTATION_COMMENTS = YES;
				CLANG_WARN_EMPTY_BODY = YES;
				CLANG_WARN_ENUM_CONVERSION = YES;
				CLANG_WARN_INFINITE_RECURSION = YES;
				CLANG_WARN_INT_CONVERSION = YES;
				CLANG_WARN_NON_LITERAL_NULL_CONVERSION = YES;
				CLANG_WARN_OBJC_IMPLICIT_RETAIN_SELF = YES;
				CLANG_WARN_OBJC_LITERAL_CONVERSION = YES;
				CLANG_WARN_OBJC_ROOT_CLASS = YES_ERROR;
				CLANG_WARN_QUOTED_INCLUDE_IN_FRAMEWORK_HEADER = YES;
				CLANG_WARN_RANGE_LOOP_ANALYSIS = YES;
				CLANG_WARN_STRICT_PROTOTYPES = YES;
				CLANG_WARN_SUSPICIOUS_MOVE = YES;
				CLANG_WARN_UNGUARDED_AVAILABILITY = YES_AGGRESSIVE;
				CLANG_WARN_UNREACHABLE_CODE = YES;
				CLANG_WARN__DUPLICATE_METHOD_MATCH = YES;
				COPY_PHASE_STRIP = NO;
				DEBUG_INFORMATION_FORMAT = dwarf;
				ENABLE_STRICT_OBJC_MSGSEND = YES;
				ENABLE_TESTABILITY = YES;
				ENABLE_USER_SCRIPT_SANDBOXING = YES;
				GCC_C_LANGUAGE_STANDARD = gnu17;
				GCC_DYNAMIC_NO_PIC = NO;
				GCC_NO_COMMON_BLOCKS = YES;
				GCC_OPTIMIZATION_LEVEL = 0;
				GCC_PREPROCESSOR_DEFINITIONS = (
					"DEBUG=1",
					"$(inherited)",
				);
				GCC_WARN_64_TO_32_BIT_CONVERSION = YES;
				GCC_WARN_ABOUT_RETURN_TYPE = YES_ERROR;
				GCC_WARN_UNDECLARED_SELECTOR = YES;
				GCC_WARN_UNINITIALIZED_AUTOS = YES_AGGRESSIVE;
				GCC_WARN_UNUSED_FUNCTION = YES;
				GCC_WARN_UNUSED_VARIABLE = YES;
				IPHONEOS_DEPLOYMENT_TARGET = 17.2;
				LOCALIZATION_PREFERS_STRING_CATALOGS = YES;
				MTL_ENABLE_DEBUG_INFO = INCLUDE_SOURCE;
				MTL_FAST_MATH = YES;
				ONLY_ACTIVE_ARCH = YES;
				SDKROOT = iphoneos;
				SWIFT_ACTIVE_COMPILATION_CONDITIONS = "DEBUG $(inherited)";
				SWIFT_OPTIMIZATION_LEVEL = "-Onone";
			};
			name = Debug;
		};
		CB5B1A582B6BEB6F009CAE00 /* Release */ = {
			isa = XCBuildConfiguration;
			buildSettings = {
				ALWAYS_SEARCH_USER_PATHS = NO;
				ASSETCATALOG_COMPILER_GENERATE_SWIFT_ASSET_SYMBOL_EXTENSIONS = YES;
				CLANG_ANALYZER_NONNULL = YES;
				CLANG_ANALYZER_NUMBER_OBJECT_CONVERSION = YES_AGGRESSIVE;
				CLANG_CXX_LANGUAGE_STANDARD = "gnu++20";
				CLANG_ENABLE_MODULES = YES;
				CLANG_ENABLE_OBJC_ARC = YES;
				CLANG_ENABLE_OBJC_WEAK = YES;
				CLANG_WARN_BLOCK_CAPTURE_AUTORELEASING = YES;
				CLANG_WARN_BOOL_CONVERSION = YES;
				CLANG_WARN_COMMA = YES;
				CLANG_WARN_CONSTANT_CONVERSION = YES;
				CLANG_WARN_DEPRECATED_OBJC_IMPLEMENTATIONS = YES;
				CLANG_WARN_DIRECT_OBJC_ISA_USAGE = YES_ERROR;
				CLANG_WARN_DOCUMENTATION_COMMENTS = YES;
				CLANG_WARN_EMPTY_BODY = YES;
				CLANG_WARN_ENUM_CONVERSION = YES;
				CLANG_WARN_INFINITE_RECURSION = YES;
				CLANG_WARN_INT_CONVERSION = YES;
				CLANG_WARN_NON_LITERAL_NULL_CONVERSION = YES;
				CLANG_WARN_OBJC_IMPLICIT_RETAIN_SELF = YES;
				CLANG_WARN_OBJC_LITERAL_CONVERSION = YES;
				CLANG_WARN_OBJC_ROOT_CLASS = YES_ERROR;
				CLANG_WARN_QUOTED_INCLUDE_IN_FRAMEWORK_HEADER = YES;
				CLANG_WARN_RANGE_LOOP_ANALYSIS = YES;
				CLANG_WARN_STRICT_PROTOTYPES = YES;
				CLANG_WARN_SUSPICIOUS_MOVE = YES;
				CLANG_WARN_UNGUARDED_AVAILABILITY = YES_AGGRESSIVE;
				CLANG_WARN_UNREACHABLE_CODE = YES;
				CLANG_WARN__DUPLICATE_METHOD_MATCH = YES;
				COPY_PHASE_STRIP = NO;
				DEBUG_INFORMATION_FORMAT = "dwarf-with-dsym";
				ENABLE_NS_ASSERTIONS = NO;
				ENABLE_STRICT_OBJC_MSGSEND = YES;
				ENABLE_USER_SCRIPT_SANDBOXING = YES;
				GCC_C_LANGUAGE_STANDARD = gnu17;
				GCC_NO_COMMON_BLOCKS = YES;
				GCC_WARN_64_TO_32_BIT_CONVERSION = YES;
				GCC_WARN_ABOUT_RETURN_TYPE = YES_ERROR;
				GCC_WARN_UNDECLARED_SELECTOR = YES;
				GCC_WARN_UNINITIALIZED_AUTOS = YES_AGGRESSIVE;
				GCC_WARN_UNUSED_FUNCTION = YES;
				GCC_WARN_UNUSED_VARIABLE = YES;
				IPHONEOS_DEPLOYMENT_TARGET = 17.2;
				LOCALIZATION_PREFERS_STRING_CATALOGS = YES;
				MTL_ENABLE_DEBUG_INFO = NO;
				MTL_FAST_MATH = YES;
				SDKROOT = iphoneos;
				SWIFT_COMPILATION_MODE = wholemodule;
				VALIDATE_PRODUCT = YES;
			};
			name = Release;
		};
		CB5B1A5A2B6BEB6F009CAE00 /* Debug */ = {
			isa = XCBuildConfiguration;
			buildSettings = {
				ASSETCATALOG_COMPILER_APPICON_NAME = AppIcon;
				ASSETCATALOG_COMPILER_GLOBAL_ACCENT_COLOR_NAME = AccentColor;
				CODE_SIGN_STYLE = Automatic;
				CURRENT_PROJECT_VERSION = 1;
				DEVELOPMENT_ASSET_PATHS = "\"Papago2/Preview Content\"";
				DEVELOPMENT_TEAM = L9J3VF6GK2;
				ENABLE_PREVIEWS = YES;
				GENERATE_INFOPLIST_FILE = YES;
				INFOPLIST_KEY_UIApplicationSceneManifest_Generation = YES;
				INFOPLIST_KEY_UIApplicationSupportsIndirectInputEvents = YES;
				INFOPLIST_KEY_UILaunchScreen_Generation = YES;
				INFOPLIST_KEY_UISupportedInterfaceOrientations_iPad = "UIInterfaceOrientationPortrait UIInterfaceOrientationPortraitUpsideDown UIInterfaceOrientationLandscapeLeft UIInterfaceOrientationLandscapeRight";
				INFOPLIST_KEY_UISupportedInterfaceOrientations_iPhone = "UIInterfaceOrientationPortrait UIInterfaceOrientationLandscapeLeft UIInterfaceOrientationLandscapeRight";
				LD_RUNPATH_SEARCH_PATHS = (
					"$(inherited)",
					"@executable_path/Frameworks",
				);
				MARKETING_VERSION = 1.0;
				PRODUCT_BUNDLE_IDENTIFIER = "lion-ios.Papago2";
				PRODUCT_NAME = "$(TARGET_NAME)";
				SWIFT_EMIT_LOC_STRINGS = YES;
				SWIFT_VERSION = 5.0;
				TARGETED_DEVICE_FAMILY = "1,2";
			};
			name = Debug;
		};
		CB5B1A5B2B6BEB6F009CAE00 /* Release */ = {
			isa = XCBuildConfiguration;
			buildSettings = {
				ASSETCATALOG_COMPILER_APPICON_NAME = AppIcon;
				ASSETCATALOG_COMPILER_GLOBAL_ACCENT_COLOR_NAME = AccentColor;
				CODE_SIGN_STYLE = Automatic;
				CURRENT_PROJECT_VERSION = 1;
				DEVELOPMENT_ASSET_PATHS = "\"Papago2/Preview Content\"";
				DEVELOPMENT_TEAM = L9J3VF6GK2;
				ENABLE_PREVIEWS = YES;
				GENERATE_INFOPLIST_FILE = YES;
				INFOPLIST_KEY_UIApplicationSceneManifest_Generation = YES;
				INFOPLIST_KEY_UIApplicationSupportsIndirectInputEvents = YES;
				INFOPLIST_KEY_UILaunchScreen_Generation = YES;
				INFOPLIST_KEY_UISupportedInterfaceOrientations_iPad = "UIInterfaceOrientationPortrait UIInterfaceOrientationPortraitUpsideDown UIInterfaceOrientationLandscapeLeft UIInterfaceOrientationLandscapeRight";
				INFOPLIST_KEY_UISupportedInterfaceOrientations_iPhone = "UIInterfaceOrientationPortrait UIInterfaceOrientationLandscapeLeft UIInterfaceOrientationLandscapeRight";
				LD_RUNPATH_SEARCH_PATHS = (
					"$(inherited)",
					"@executable_path/Frameworks",
				);
				MARKETING_VERSION = 1.0;
				PRODUCT_BUNDLE_IDENTIFIER = "lion-ios.Papago2";
				PRODUCT_NAME = "$(TARGET_NAME)";
				SWIFT_EMIT_LOC_STRINGS = YES;
				SWIFT_VERSION = 5.0;
				TARGETED_DEVICE_FAMILY = "1,2";
			};
			name = Release;
		};
/* End XCBuildConfiguration section */

/* Begin XCConfigurationList section */
		CB5B1A462B6BEB6D009CAE00 /* Build configuration list for PBXProject "Papago2" */ = {
			isa = XCConfigurationList;
			buildConfigurations = (
				CB5B1A572B6BEB6F009CAE00 /* Debug */,
				CB5B1A582B6BEB6F009CAE00 /* Release */,
			);
			defaultConfigurationIsVisible = 0;
			defaultConfigurationName = Release;
		};
		CB5B1A592B6BEB6F009CAE00 /* Build configuration list for PBXNativeTarget "Papago2" */ = {
			isa = XCConfigurationList;
			buildConfigurations = (
				CB5B1A5A2B6BEB6F009CAE00 /* Debug */,
				CB5B1A5B2B6BEB6F009CAE00 /* Release */,
			);
			defaultConfigurationIsVisible = 0;
			defaultConfigurationName = Release;
		};
/* End XCConfigurationList section */
	};
	rootObject = CB5B1A432B6BEB6D009CAE00 /* Project object */;
}
